{
  "nodes": {
    "nixpkgs": {
      "locked": {
        "lastModified": 1781074563,
        "narHash": "sha256-md8WlXOlfnIeHeOScMTTHFyf2d6iaTwPl2apR5EQ3P4=",
        "owner": "nixos",
        "repo": "nixpkgs",
        "rev": "9ae611a455b90cf061d8f332b977e387bda8e1ca",
        "type": "github"
      },
      "original": {
        "owner": "nixos",
        "ref": "nixos-unstable",
        "repo": "nixpkgs",
        "type": "github"
      }
    },
    "oshot-src": {
      "flake": false,
      "locked": {
        "lastModified": 1787001618,
        "narHash": "sha256-GDe/8Be0h/tEv854//FtmWfMhArc4wAjbKmBFMRlGQE=",
        "owner": "Toni500github",
        "repo": "oshot",
        "rev": "122636db7327078d0759649c4f55c472aa67c6a9",
        "type": "github"
      },
      "original": {
        "owner": "Toni500github",
        "repo": "oshot",
        "type": "github"
      }
    },
    "root": {
      "inputs": {
        "nixpkgs": "nixpkgs",
        "oshot-src": "oshot-src"
      }
    }
  },
  "root": "root",
  "version": 7
}
